
Microsoft Visual Studio Solution File, Format Version 12.00
# Visual Studio Version 17
VisualStudioVersion = 17.3.32929.385
MinimumVisualStudioVersion = 10.0.40219.1
Project("{FAE04EC0-301F-11D3-BF4B-00C04F79EFBC}") = "Okun", "Okun\Okun.csproj", "{5200B7A8-6046-4BDB-B576-8D9A5B5E99E4}"
EndProject
Project("{FAE04EC0-301F-11D3-BF4B-00C04F79EFBC}") = "OkunTests", "OkunTests\OkunTests.csproj", "{C08A79E5-D09F-4DE5-9052-367595080CB4}"
EndProject
Global
	GlobalSection(SolutionConfigurationPlatforms) = preSolution
		Debug|Any CPU = Debug|Any CPU
		Release|Any CPU = Release|Any CPU
	EndGlobalSection
	GlobalSection(ProjectConfigurationPlatforms) = postSolution
		{5200B7A8-6046-4BDB-B576-8D9A5B5E99E4}.Debug|Any CPU.ActiveCfg = Debug|Any CPU
		{5200B7A8-6046-4BDB-B576-8D9A5B5E99E4}.Debug|Any CPU.Build.0 = Debug|Any CPU
		{5200B7A8-6046-4BDB-B576-8D9A5B5E99E4}.Release|Any CPU.ActiveCfg = Release|Any CPU
		{5200B7A8-6046-4BDB-B576-8D9A5B5E99E4}.Release|Any CPU.Build.0 = Release|Any CPU
		{C08A79E5-D09F-4DE5-9052-367595080CB4}.Debug|Any CPU.ActiveCfg = Debug|Any CPU
		{C08A79E5-D09F-4DE5-9052-367595080CB4}.Debug|Any CPU.Build.0 = Debug|Any CPU
		{C08A79E5-D09F-4DE5-9052-367595080CB4}.Release|Any CPU.ActiveCfg = Release|Any CPU
		{C08A79E5-D09F-4DE5-9052-367595080CB4}.Release|Any CPU.Build.0 = Release|Any CPU
	EndGlobalSection
	GlobalSection(SolutionProperties) = preSolution
		HideSolutionNode = FALSE
	EndGlobalSection
	GlobalSection(ExtensibilityGlobals) = postSolution
		SolutionGuid = {0B7A003F-E7CD-4A23-8544-D9CF0DB7BAE3}
	EndGlobalSection
EndGlobal
